
Microsoft Visual Studio Solution File, Format Version 12.00
# Visual Studio Version 16
VisualStudioVersion = 16.0.30621.155
MinimumVisualStudioVersion = 10.0.40219.1
Project("{FAE04EC0-301F-11D3-BF4B-00C04F79EFBC}") = "Pokedex", "Pokedex.csproj", "{991E6C4E-5647-4F6E-A91C-121BC437FD41}"
EndProject
Global
	GlobalSection(SolutionConfigurationPlatforms) = preSolution
		Debug|Any CPU = Debug|Any CPU
		Release|Any CPU = Release|Any CPU
	EndGlobalSection
	GlobalSection(ProjectConfigurationPlatforms) = postSolution
		{991E6C4E-5647-4F6E-A91C-121BC437FD41}.Debug|Any CPU.ActiveCfg = Debug|Any CPU
		{991E6C4E-5647-4F6E-A91C-121BC437FD41}.Debug|Any CPU.Build.0 = Debug|Any CPU
		{991E6C4E-5647-4F6E-A91C-121BC437FD41}.Release|Any CPU.ActiveCfg = Release|Any CPU
		{991E6C4E-5647-4F6E-A91C-121BC437FD41}.Release|Any CPU.Build.0 = Release|Any CPU
	EndGlobalSection
	GlobalSection(SolutionProperties) = preSolution
		HideSolutionNode = FALSE
	EndGlobalSection
	GlobalSection(ExtensibilityGlobals) = postSolution
		SolutionGuid = {7FE6B71F-E224-4145-B4B1-358ECD2B5493}
	EndGlobalSection
EndGlobal
